# THIS IS AN AUTOGENERATED FILE. DO NOT EDIT THIS FILE DIRECTLY.
# yarn lockfile v1


lodash.defaultsdeep@4.6.1:
  version "4.6.1"
  resolved "https://registry.yarnpkg.com/lodash.defaultsdeep/-/lodash.defaultsdeep-4.6.1.tgz#512e9bd721d272d94e3d3a63653fa17516741ca6"
  integrity sha512-3j8wdDzYuWO3lM3Reg03MuQR957t287Rpcxp1njpEa8oDrikb+FwGdW3n+FELh/A6qib6yPit0j/pv9G/yeAqA==

lodash.findindex@4.6.0:
  version "4.6.0"
  resolved "https://registry.yarnpkg.com/lodash.findindex/-/lodash.findindex-4.6.0.tgz#a3245dee61fb9b6e0624b535125624bb69c11106"
  integrity sha1-oyRd7mH7m24GJLU1ElYku2nBEQY=

lodash.isempty@4.4.0:
  version "4.4.0"
  resolved "https://registry.yarnpkg.com/lodash.isempty/-/lodash.isempty-4.4.0.tgz#6f86cbedd8be4ec987be9aaf33c9684db1b31e7e"
  integrity sha1-b4bL7di+TsmHvpqvM8loTbGzHn4=

lodash.trimend@^4.5.1:
  version "4.5.1"
  resolved "https://registry.yarnpkg.com/lodash.trimend/-/lodash.trimend-4.5.1.tgz#12804437286b98cad8996b79414e11300114082f"
  integrity sha1-EoBENyhrmMrYmWt5QU4RMAEUCC8=

lodash.trimstart@^4.5.1:
  version "4.5.1"
  resolved "https://registry.yarnpkg.com/lodash.trimstart/-/lodash.trimstart-4.5.1.tgz#8ff4dec532d82486af59573c39445914e944a7f1"
  integrity sha1-j/TexTLYJIavWVc8OURZFOlEp/E=

remove-markdown@0.3.0:
  version "0.3.0"
  resolved "https://registry.yarnpkg.com/remove-markdown/-/remove-markdown-0.3.0.tgz#5e4b667493a93579728f3d52ecc1db9ca505dc98"
  integrity sha1-XktmdJOpNXlyjz1S7MHbnKUF3Jg=

striptags@3.1.1:
  version "3.1.1"
  resolved "https://registry.yarnpkg.com/striptags/-/striptags-3.1.1.tgz#c8c3e7fdd6fb4bb3a32a3b752e5b5e3e38093ebd"
  integrity sha1-yMPn/db7S7OjKjt1LltePjgJPr0=
